
Microsoft Visual Studio Solution File, Format Version 12.00
# Visual Studio Version 16
VisualStudioVersion = 16.0.31702.278
MinimumVisualStudioVersion = 10.0.40219.1
Project("{FAE04EC0-301F-11D3-BF4B-00C04F79EFBC}") = "UC1FirstName", "UC1FirstName.csproj", "{B14F898A-1EC4-49AE-8D53-BD568A3D03C4}"
EndProject
Project("{FAE04EC0-301F-11D3-BF4B-00C04F79EFBC}") = "TestProject1", "..\TestProject1\TestProject1.csproj", "{41354CF5-F512-4985-8C29-DDD23073C73F}"
EndProject
Global
	GlobalSection(SolutionConfigurationPlatforms) = preSolution
		Debug|Any CPU = Debug|Any CPU
		Release|Any CPU = Release|Any CPU
	EndGlobalSection
	GlobalSection(ProjectConfigurationPlatforms) = postSolution
		{B14F898A-1EC4-49AE-8D53-BD568A3D03C4}.Debug|Any CPU.ActiveCfg = Debug|Any CPU
		{B14F898A-1EC4-49AE-8D53-BD568A3D03C4}.Debug|Any CPU.Build.0 = Debug|Any CPU
		{B14F898A-1EC4-49AE-8D53-BD568A3D03C4}.Release|Any CPU.ActiveCfg = Release|Any CPU
		{B14F898A-1EC4-49AE-8D53-BD568A3D03C4}.Release|Any CPU.Build.0 = Release|Any CPU
		{41354CF5-F512-4985-8C29-DDD23073C73F}.Debug|Any CPU.ActiveCfg = Debug|Any CPU
		{41354CF5-F512-4985-8C29-DDD23073C73F}.Debug|Any CPU.Build.0 = Debug|Any CPU
		{41354CF5-F512-4985-8C29-DDD23073C73F}.Release|Any CPU.ActiveCfg = Release|Any CPU
		{41354CF5-F512-4985-8C29-DDD23073C73F}.Release|Any CPU.Build.0 = Release|Any CPU
	EndGlobalSection
	GlobalSection(SolutionProperties) = preSolution
		HideSolutionNode = FALSE
	EndGlobalSection
	GlobalSection(ExtensibilityGlobals) = postSolution
		SolutionGuid = {78362445-79F2-450B-AB4F-3F71E0D97878}
	EndGlobalSection
EndGlobal
